# THIS IS AN AUTOGENERATED FILE. DO NOT EDIT THIS FILE DIRECTLY.
# yarn lockfile v1


knapsack-js@^1.0.2:
  version "1.0.2"
  resolved "https://registry.yarnpkg.com/knapsack-js/-/knapsack-js-1.0.2.tgz#df35f4056e8fed7ac416c877015ebb1b4074ebf8"

thenby@^1.2.3:
  version "1.2.3"
  resolved "https://registry.yarnpkg.com/thenby/-/thenby-1.2.3.tgz#62465b07e3d8b9466f01026df837f738e0faaa69"
